// !$*UTF8*$!
{
	archiveVersion = 1;
	classes = {
	};
	objectVersion = 51;
	objects = {

/* Begin PBXBuildFile section */
		ABDAC3B825857E81003E8692 /* AppDelegate.swift in Sources */ = {isa = PBXBuildFile; fileRef = ABDAC3B725857E81003E8692 /* AppDelegate.swift */; };
		ABDAC3BA25857E81003E8692 /* SceneDelegate.swift in Sources */ = {isa = PBXBuildFile; fileRef = ABDAC3B925857E81003E8692 /* SceneDelegate.swift */; };
		ABDAC3BC25857E81003E8692 /* ViewController.swift in Sources */ = {isa = PBXBuildFile; fileRef = ABDAC3BB25857E81003E8692 /* ViewController.swift */; };
		ABDAC3BF25857E81003E8692 /* Main.storyboard in Resources */ = {isa = PBXBuildFile; fileRef = ABDAC3BD25857E81003E8692 /* Main.storyboard */; };
		ABDAC3C125857E82003E8692 /* Assets.xcassets in Resources */ = {isa = PBXBuildFile; fileRef = ABDAC3C025857E82003E8692 /* Assets.xcassets */; };
		ABDAC3C425857E82003E8692 /* LaunchScreen.storyboard in Resources */ = {isa = PBXBuildFile; fileRef = ABDAC3C225857E82003E8692 /* LaunchScreen.storyboard */; };
		ABDAC3CC25858213003E8692 /* ChatViewController.swift in Sources */ = {isa = PBXBuildFile; fileRef = ABDAC3CB25858213003E8692 /* ChatViewController.swift */; };
		B247BF51CFE6050DE5AC50F5 /* Pods_MessagingFunc.framework in Frameworks */ = {isa = PBXBuildFile; fileRef = DF602117E1567B6034DF0A86 /* Pods_MessagingFunc.framework */; };
/* End PBXBuildFile section */

/* Begin PBXFileReference section */
		ABDAC3B425857E81003E8692 /* MessagingFunc.app */ = {isa = PBXFileReference; explicitFileType = wrapper.application; includeInIndex = 0; path = MessagingFunc.app; sourceTree = BUILT_PRODUCTS_DIR; };
		ABDAC3B725857E81003E8692 /* AppDelegate.swift */ = {isa = PBXFileReference; lastKnownFileType = sourcecode.swift; path = AppDelegate.swift; sourceTree = "<group>"; };
		ABDAC3B925857E81003E8692 /* SceneDelegate.swift */ = {isa = PBXFileReference; lastKnownFileType = sourcecode.swift; path = SceneDelegate.swift; sourceTree = "<group>"; };
		ABDAC3BB25857E81003E8692 /* ViewController.swift */ = {isa = PBXFileReference; lastKnownFileType = sourcecode.swift; path = ViewController.swift; sourceTree = "<group>"; };
		ABDAC3BE25857E81003E8692 /* Base */ = {isa = PBXFileReference; lastKnownFileType = file.storyboard; name = Base; path = Base.lproj/Main.storyboard; sourceTree = "<group>"; };
		ABDAC3C025857E82003E8692 /* Assets.xcassets */ = {isa = PBXFileReference; lastKnownFileType = folder.assetcatalog; path = Assets.xcassets; sourceTree = "<group>"; };
		ABDAC3C325857E82003E8692 /* Base */ = {isa = PBXFileReference; lastKnownFileType = file.storyboard; name = Base; path = Base.lproj/LaunchScreen.storyboard; sourceTree = "<group>"; };
		ABDAC3C525857E82003E8692 /* Info.plist */ = {isa = PBXFileReference; lastKnownFileType = text.plist.xml; path = Info.plist; sourceTree = "<group>"; };
		ABDAC3CB25858213003E8692 /* ChatViewController.swift */ = {isa = PBXFileReference; lastKnownFileType = sourcecode.swift; path = ChatViewController.swift; sourceTree = "<group>"; };
		DF602117E1567B6034DF0A86 /* Pods_MessagingFunc.framework */ = {isa = PBXFileReference; explicitFileType = wrapper.framework; includeInIndex = 0; path = Pods_MessagingFunc.framework; sourceTree = BUILT_PRODUCTS_DIR; };
		FB14088C4F1D49362800DD16 /* Pods-MessagingFunc.release.xcconfig */ = {isa = PBXFileReference; includeInIndex = 1; lastKnownFileType = text.xcconfig; name = "Pods-MessagingFunc.release.xcconfig"; path = "Target Support Files/Pods-MessagingFunc/Pods-MessagingFunc.release.xcconfig"; sourceTree = "<group>"; };
		FF2BC25BAA65C44C308A837B /* Pods-MessagingFunc.debug.xcconfig */ = {isa = PBXFileReference; includeInIndex = 1; lastKnownFileType = text.xcconfig; name = "Pods-MessagingFunc.debug.xcconfig"; path = "Target Support Files/Pods-MessagingFunc/Pods-MessagingFunc.debug.xcconfig"; sourceTree = "<group>"; };
/* End PBXFileReference section */

/* Begin PBXFrameworksBuildPhase section */
		ABDAC3B125857E81003E8692 /* Frameworks */ = {
			isa = PBXFrameworksBuildPhase;
			buildActionMask = 2147483647;
			files = (
				B247BF51CFE6050DE5AC50F5 /* Pods_MessagingFunc.framework in Frameworks */,
			);
			runOnlyForDeploymentPostprocessing = 0;
		};
/* End PBXFrameworksBuildPhase section */

/* Begin PBXGroup section */
		156FD529148FB8EF11C7F94C /* Pods */ = {
			isa = PBXGroup;
			children = (
				FF2BC25BAA65C44C308A837B /* Pods-MessagingFunc.debug.xcconfig */,
				FB14088C4F1D49362800DD16 /* Pods-MessagingFunc.release.xcconfig */,
			);
			path = Pods;
			sourceTree = "<group>";
		};
		1A791369CABD46E7EEC1D163 /* Frameworks */ = {
			isa = PBXGroup;
			children = (
				DF602117E1567B6034DF0A86 /* Pods_MessagingFunc.framework */,
			);
			name = Frameworks;
			sourceTree = "<group>";
		};
		ABDAC3AB25857E81003E8692 = {
			isa = PBXGroup;
			children = (
				ABDAC3B625857E81003E8692 /* MessagingFunc */,
				ABDAC3B525857E81003E8692 /* Products */,
				156FD529148FB8EF11C7F94C /* Pods */,
				1A791369CABD46E7EEC1D163 /* Frameworks */,
			);
			sourceTree = "<group>";
		};
		ABDAC3B525857E81003E8692 /* Products */ = {
			isa = PBXGroup;
			children = (
				ABDAC3B425857E81003E8692 /* MessagingFunc.app */,
			);
			name = Products;
			sourceTree = "<group>";
		};
		ABDAC3B625857E81003E8692 /* MessagingFunc */ = {
			isa = PBXGroup;
			children = (
				ABDAC3B725857E81003E8692 /* AppDelegate.swift */,
				ABDAC3B925857E81003E8692 /* SceneDelegate.swift */,
				ABDAC3BB25857E81003E8692 /* ViewController.swift */,
				ABDAC3BD25857E81003E8692 /* Main.storyboard */,
				ABDAC3C025857E82003E8692 /* Assets.xcassets */,
				ABDAC3C225857E82003E8692 /* LaunchScreen.storyboard */,
				ABDAC3C525857E82003E8692 /* Info.plist */,
				ABDAC3CB25858213003E8692 /* ChatViewController.swift */,
			);
			path = MessagingFunc;
			sourceTree = "<group>";
		};
/* End PBXGroup section */

/* Begin PBXNativeTarget section */
		ABDAC3B325857E81003E8692 /* MessagingFunc */ = {
			isa = PBXNativeTarget;
			buildConfigurationList = ABDAC3C825857E82003E8692 /* Build configuration list for PBXNativeTarget "MessagingFunc" */;
			buildPhases = (
				8A1639459FC7EB7B4ED71E54 /* [CP] Check Pods Manifest.lock */,
				ABDAC3B025857E81003E8692 /* Sources */,
				ABDAC3B125857E81003E8692 /* Frameworks */,
				ABDAC3B225857E81003E8692 /* Resources */,
				B32C508507EDB2D763B06EF3 /* [CP] Embed Pods Frameworks */,
			);
			buildRules = (
			);
			dependencies = (
			);
			name = MessagingFunc;
			productName = MessagingFunc;
			productReference = ABDAC3B425857E81003E8692 /* MessagingFunc.app */;
			productType = "com.apple.product-type.application";
		};
/* End PBXNativeTarget section */

/* Begin PBXProject section */
		ABDAC3AC25857E81003E8692 /* Project object */ = {
			isa = PBXProject;
			attributes = {
				LastSwiftUpdateCheck = 1130;
				LastUpgradeCheck = 1130;
				ORGANIZATIONNAME = "Sean Nhem";
				TargetAttributes = {
					ABDAC3B325857E81003E8692 = {
						CreatedOnToolsVersion = 11.3.1;
					};
				};
			};
			buildConfigurationList = ABDAC3AF25857E81003E8692 /* Build configuration list for PBXProject "MessagingFunc" */;
			compatibilityVersion = "Xcode 9.3";
			developmentRegion = en;
			hasScannedForEncodings = 0;
			knownRegions = (
				en,
				Base,
			);
			mainGroup = ABDAC3AB25857E81003E8692;
			productRefGroup = ABDAC3B525857E81003E8692 /* Products */;
			projectDirPath = "";
			projectRoot = "";
			targets = (
				ABDAC3B325857E81003E8692 /* MessagingFunc */,
			);
		};
/* End PBXProject section */

/* Begin PBXResourcesBuildPhase section */
		ABDAC3B225857E81003E8692 /* Resources */ = {
			isa = PBXResourcesBuildPhase;
			buildActionMask = 2147483647;
			files = (
				ABDAC3C425857E82003E8692 /* LaunchScreen.storyboard in Resources */,
				ABDAC3C125857E82003E8692 /* Assets.xcassets in Resources */,
				ABDAC3BF25857E81003E8692 /* Main.storyboard in Resources */,
			);
			runOnlyForDeploymentPostprocessing = 0;
		};
/* End PBXResourcesBuildPhase section */

/* Begin PBXShellScriptBuildPhase section */
		8A1639459FC7EB7B4ED71E54 /* [CP] Check Pods Manifest.lock */ = {
			isa = PBXShellScriptBuildPhase;
			buildActionMask = 2147483647;
			files = (
			);
			inputFileListPaths = (
			);
			inputPaths = (
				"${PODS_PODFILE_DIR_PATH}/Podfile.lock",
				"${PODS_ROOT}/Manifest.lock",
			);
			name = "[CP] Check Pods Manifest.lock";
			outputFileListPaths = (
			);
			outputPaths = (
				"$(DERIVED_FILE_DIR)/Pods-MessagingFunc-checkManifestLockResult.txt",
			);
			runOnlyForDeploymentPostprocessing = 0;
			shellPath = /bin/sh;
			shellScript = "diff \"${PODS_PODFILE_DIR_PATH}/Podfile.lock\" \"${PODS_ROOT}/Manifest.lock\" > /dev/null\nif [ $? != 0 ] ; then\n    # print error to STDERR\n    echo \"error: The sandbox is not in sync with the Podfile.lock. Run 'pod install' or update your CocoaPods installation.\" >&2\n    exit 1\nfi\n# This output is used by Xcode 'outputs' to avoid re-running this script phase.\necho \"SUCCESS\" > \"${SCRIPT_OUTPUT_FILE_0}\"\n";
			showEnvVarsInLog = 0;
		};
		B32C508507EDB2D763B06EF3 /* [CP] Embed Pods Frameworks */ = {
			isa = PBXShellScriptBuildPhase;
			buildActionMask = 2147483647;
			files = (
			);
			inputFileListPaths = (
				"${PODS_ROOT}/Target Support Files/Pods-MessagingFunc/Pods-MessagingFunc-frameworks-${CONFIGURATION}-input-files.xcfilelist",
			);
			name = "[CP] Embed Pods Frameworks";
			outputFileListPaths = (
				"${PODS_ROOT}/Target Support Files/Pods-MessagingFunc/Pods-MessagingFunc-frameworks-${CONFIGURATION}-output-files.xcfilelist",
			);
			runOnlyForDeploymentPostprocessing = 0;
			shellPath = /bin/sh;
			shellScript = "\"${PODS_ROOT}/Target Support Files/Pods-MessagingFunc/Pods-MessagingFunc-frameworks.sh\"\n";
			showEnvVarsInLog = 0;
		};
/* End PBXShellScriptBuildPhase section */

/* Begin PBXSourcesBuildPhase section */
		ABDAC3B025857E81003E8692 /* Sources */ = {
			isa = PBXSourcesBuildPhase;
			buildActionMask = 2147483647;
			files = (
				ABDAC3BC25857E81003E8692 /* ViewController.swift in Sources */,
				ABDAC3B825857E81003E8692 /* AppDelegate.swift in Sources */,
				ABDAC3CC25858213003E8692 /* ChatViewController.swift in Sources */,
				ABDAC3BA25857E81003E8692 /* SceneDelegate.swift in Sources */,
			);
			runOnlyForDeploymentPostprocessing = 0;
		};
/* End PBXSourcesBuildPhase section */

/* Begin PBXVariantGroup section */
		ABDAC3BD25857E81003E8692 /* Main.storyboard */ = {
			isa = PBXVariantGroup;
			children = (
				ABDAC3BE25857E81003E8692 /* Base */,
			);
			name = Main.storyboard;
			sourceTree = "<group>";
		};
		ABDAC3C225857E82003E8692 /* LaunchScreen.storyboard */ = {
			isa = PBXVariantGroup;
			children = (
				ABDAC3C325857E82003E8692 /* Base */,
			);
			name = LaunchScreen.storyboard;
			sourceTree = "<group>";
		};
/* End PBXVariantGroup section */

/* Begin XCBuildConfiguration section */
		ABDAC3C625857E82003E8692 /* Debug */ = {
			isa = XCBuildConfiguration;
			buildSettings = {
				ALWAYS_SEARCH_USER_PATHS = NO;
				CLANG_ANALYZER_NONNULL = YES;
				CLANG_ANALYZER_NUMBER_OBJECT_CONVERSION = YES_AGGRESSIVE;
				CLANG_CXX_LANGUAGE_STANDARD = "gnu++14";
				CLANG_CXX_LIBRARY = "libc++";
				CLANG_ENABLE_MODULES = YES;
				CLANG_ENABLE_OBJC_ARC = YES;
				CLANG_ENABLE_OBJC_WEAK = YES;
				CLANG_WARN_BLOCK_CAPTURE_AUTORELEASING = YES;
				CLANG_WARN_BOOL_CONVERSION = YES;
				CLANG_WARN_COMMA = YES;
				CLANG_WARN_CONSTANT_CONVERSION = YES;
				CLANG_WARN_DEPRECATED_OBJC_IMPLEMENTATIONS = YES;
				CLANG_WARN_DIRECT_OBJC_ISA_USAGE = YES_ERROR;
				CLANG_WARN_DOCUMENTATION_COMMENTS = YES;
				CLANG_WARN_EMPTY_BODY = YES;
				CLANG_WARN_ENUM_CONVERSION = YES;
				CLANG_WARN_INFINITE_RECURSION = YES;
				CLANG_WARN_INT_CONVERSION = YES;
				CLANG_WARN_NON_LITERAL_NULL_CONVERSION = YES;
				CLANG_WARN_OBJC_IMPLICIT_RETAIN_SELF = YES;
				CLANG_WARN_OBJC_LITERAL_CONVERSION = YES;
				CLANG_WARN_OBJC_ROOT_CLASS = YES_ERROR;
				CLANG_WARN_RANGE_LOOP_ANALYSIS = YES;
				CLANG_WARN_STRICT_PROTOTYPES = YES;
				CLANG_WARN_SUSPICIOUS_MOVE = YES;
				CLANG_WARN_UNGUARDED_AVAILABILITY = YES_AGGRESSIVE;
				CLANG_WARN_UNREACHABLE_CODE = YES;
				CLANG_WARN__DUPLICATE_METHOD_MATCH = YES;
				COPY_PHASE_STRIP = NO;
				DEBUG_INFORMATION_FORMAT = dwarf;
				ENABLE_STRICT_OBJC_MSGSEND = YES;
				ENABLE_TESTABILITY = YES;
				GCC_C_LANGUAGE_STANDARD = gnu11;
				GCC_DYNAMIC_NO_PIC = NO;
				GCC_NO_COMMON_BLOCKS = YES;
				GCC_OPTIMIZATION_LEVEL = 0;
				GCC_PREPROCESSOR_DEFINITIONS = (
					"DEBUG=1",
					"$(inherited)",
				);
				GCC_WARN_64_TO_32_BIT_CONVERSION = YES;
				GCC_WARN_ABOUT_RETURN_TYPE = YES_ERROR;
				GCC_WARN_UNDECLARED_SELECTOR = YES;
				GCC_WARN_UNINITIALIZED_AUTOS = YES_AGGRESSIVE;
				GCC_WARN_UNUSED_FUNCTION = YES;
				GCC_WARN_UNUSED_VARIABLE = YES;
				IPHONEOS_DEPLOYMENT_TARGET = 13.2;
				MTL_ENABLE_DEBUG_INFO = INCLUDE_SOURCE;
				MTL_FAST_MATH = YES;
				ONLY_ACTIVE_ARCH = YES;
				SDKROOT = iphoneos;
				SWIFT_ACTIVE_COMPILATION_CONDITIONS = DEBUG;
				SWIFT_OPTIMIZATION_LEVEL = "-Onone";
			};
			name = Debug;
		};
		ABDAC3C725857E82003E8692 /* Release */ = {
			isa = XCBuildConfiguration;
			buildSettings = {
				ALWAYS_SEARCH_USER_PATHS = NO;
				CLANG_ANALYZER_NONNULL = YES;
				CLANG_ANALYZER_NUMBER_OBJECT_CONVERSION = YES_AGGRESSIVE;
				CLANG_CXX_LANGUAGE_STANDARD = "gnu++14";
				CLANG_CXX_LIBRARY = "libc++";
				CLANG_ENABLE_MODULES = YES;
				CLANG_ENABLE_OBJC_ARC = YES;
				CLANG_ENABLE_OBJC_WEAK = YES;
				CLANG_WARN_BLOCK_CAPTURE_AUTORELEASING = YES;
				CLANG_WARN_BOOL_CONVERSION = YES;
				CLANG_WARN_COMMA = YES;
				CLANG_WARN_CONSTANT_CONVERSION = YES;
				CLANG_WARN_DEPRECATED_OBJC_IMPLEMENTATIONS = YES;
				CLANG_WARN_DIRECT_OBJC_ISA_USAGE = YES_ERROR;
				CLANG_WARN_DOCUMENTATION_COMMENTS = YES;
				CLANG_WARN_EMPTY_BODY = YES;
				CLANG_WARN_ENUM_CONVERSION = YES;
				CLANG_WARN_INFINITE_RECURSION = YES;
				CLANG_WARN_INT_CONVERSION = YES;
				CLANG_WARN_NON_LITERAL_NULL_CONVERSION = YES;
				CLANG_WARN_OBJC_IMPLICIT_RETAIN_SELF = YES;
				CLANG_WARN_OBJC_LITERAL_CONVERSION = YES;
				CLANG_WARN_OBJC_ROOT_CLASS = YES_ERROR;
				CLANG_WARN_RANGE_LOOP_ANALYSIS = YES;
				CLANG_WARN_STRICT_PROTOTYPES = YES;
				CLANG_WARN_SUSPICIOUS_MOVE = YES;
				CLANG_WARN_UNGUARDED_AVAILABILITY = YES_AGGRESSIVE;
				CLANG_WARN_UNREACHABLE_CODE = YES;
				CLANG_WARN__DUPLICATE_METHOD_MATCH = YES;
				COPY_PHASE_STRIP = NO;
				DEBUG_INFORMATION_FORMAT = "dwarf-with-dsym";
				ENABLE_NS_ASSERTIONS = NO;
				ENABLE_STRICT_OBJC_MSGSEND = YES;
				GCC_C_LANGUAGE_STANDARD = gnu11;
				GCC_NO_COMMON_BLOCKS = YES;
				GCC_WARN_64_TO_32_BIT_CONVERSION = YES;
				GCC_WARN_ABOUT_RETURN_TYPE = YES_ERROR;
				GCC_WARN_UNDECLARED_SELECTOR = YES;
				GCC_WARN_UNINITIALIZED_AUTOS = YES_AGGRESSIVE;
				GCC_WARN_UNUSED_FUNCTION = YES;
				GCC_WARN_UNUSED_VARIABLE = YES;
				IPHONEOS_DEPLOYMENT_TARGET = 13.2;
				MTL_ENABLE_DEBUG_INFO = NO;
				MTL_FAST_MATH = YES;
				SDKROOT = iphoneos;
				SWIFT_COMPILATION_MODE = wholemodule;
				SWIFT_OPTIMIZATION_LEVEL = "-O";
				VALIDATE_PRODUCT = YES;
			};
			name = Release;
		};
		ABDAC3C925857E82003E8692 /* Debug */ = {
			isa = XCBuildConfiguration;
			baseConfigurationReference = FF2BC25BAA65C44C308A837B /* Pods-MessagingFunc.debug.xcconfig */;
			buildSettings = {
				ASSETCATALOG_COMPILER_APPICON_NAME = AppIcon;
				CODE_SIGN_STYLE = Automatic;
				INFOPLIST_FILE = MessagingFunc/Info.plist;
				LD_RUNPATH_SEARCH_PATHS = (
					"$(inherited)",
					"@executable_path/Frameworks",
				);
				PRODUCT_BUNDLE_IDENTIFIER = LAB.MessagingFunc;
				PRODUCT_NAME = "$(TARGET_NAME)";
				SWIFT_VERSION = 5.0;
				TARGETED_DEVICE_FAMILY = "1,2";
			};
			name = Debug;
		};
		ABDAC3CA25857E82003E8692 /* Release */ = {
			isa = XCBuildConfiguration;
			baseConfigurationReference = FB14088C4F1D49362800DD16 /* Pods-MessagingFunc.release.xcconfig */;
			buildSettings = {
				ASSETCATALOG_COMPILER_APPICON_NAME = AppIcon;
				CODE_SIGN_STYLE = Automatic;
				INFOPLIST_FILE = MessagingFunc/Info.plist;
				LD_RUNPATH_SEARCH_PATHS = (
					"$(inherited)",
					"@executable_path/Frameworks",
				);
				PRODUCT_BUNDLE_IDENTIFIER = LAB.MessagingFunc;
				PRODUCT_NAME = "$(TARGET_NAME)";
				SWIFT_VERSION = 5.0;
				TARGETED_DEVICE_FAMILY = "1,2";
			};
			name = Release;
		};
/* End XCBuildConfiguration section */

/* Begin XCConfigurationList section */
		ABDAC3AF25857E81003E8692 /* Build configuration list for PBXProject "MessagingFunc" */ = {
			isa = XCConfigurationList;
			buildConfigurations = (
				ABDAC3C625857E82003E8692 /* Debug */,
				ABDAC3C725857E82003E8692 /* Release */,
			);
			defaultConfigurationIsVisible = 0;
			defaultConfigurationName = Release;
		};
		ABDAC3C825857E82003E8692 /* Build configuration list for PBXNativeTarget "MessagingFunc" */ = {
			isa = XCConfigurationList;
			buildConfigurations = (
				ABDAC3C925857E82003E8692 /* Debug */,
				ABDAC3CA25857E82003E8692 /* Release */,
			);
			defaultConfigurationIsVisible = 0;
			defaultConfigurationName = Release;
		};
/* End XCConfigurationList section */
	};
	rootObject = ABDAC3AC25857E81003E8692 /* Project object */;
}
